
Microsoft Visual Studio Solution File, Format Version 12.00
# Visual Studio Version 16
VisualStudioVersion = 16.0.30002.166
MinimumVisualStudioVersion = 10.0.40219.1
Project("{FAE04EC0-301F-11D3-BF4B-00C04F79EFBC}") = "WordCounter", "WordCounter\WordCounter.csproj", "{5230D73A-4241-4A93-9D3E-15EBBA0572B6}"
EndProject
Global
	GlobalSection(SolutionConfigurationPlatforms) = preSolution
		Debug|Any CPU = Debug|Any CPU
		Release|Any CPU = Release|Any CPU
	EndGlobalSection
	GlobalSection(ProjectConfigurationPlatforms) = postSolution
		{5230D73A-4241-4A93-9D3E-15EBBA0572B6}.Debug|Any CPU.ActiveCfg = Debug|Any CPU
		{5230D73A-4241-4A93-9D3E-15EBBA0572B6}.Debug|Any CPU.Build.0 = Debug|Any CPU
		{5230D73A-4241-4A93-9D3E-15EBBA0572B6}.Release|Any CPU.ActiveCfg = Release|Any CPU
		{5230D73A-4241-4A93-9D3E-15EBBA0572B6}.Release|Any CPU.Build.0 = Release|Any CPU
	EndGlobalSection
	GlobalSection(SolutionProperties) = preSolution
		HideSolutionNode = FALSE
	EndGlobalSection
	GlobalSection(ExtensibilityGlobals) = postSolution
		SolutionGuid = {A8C6D3E6-1879-45BE-9A02-561731A92220}
	EndGlobalSection
EndGlobal
